
Microsoft Visual Studio Solution File, Format Version 12.00
# Visual Studio Version 17
VisualStudioVersion = 17.9.34728.123
MinimumVisualStudioVersion = 10.0.40219.1
Project("{FAE04EC0-301F-11D3-BF4B-00C04F79EFBC}") = "CreateFolder", "CreateFolder.csproj", "{09561B0F-60D3-490C-9949-B19FD16AAD9A}"
EndProject
Global
	GlobalSection(SolutionConfigurationPlatforms) = preSolution
		Debug|Any CPU = Debug|Any CPU
		Release|Any CPU = Release|Any CPU
	EndGlobalSection
	GlobalSection(ProjectConfigurationPlatforms) = postSolution
		{09561B0F-60D3-490C-9949-B19FD16AAD9A}.Debug|Any CPU.ActiveCfg = Debug|Any CPU
		{09561B0F-60D3-490C-9949-B19FD16AAD9A}.Debug|Any CPU.Build.0 = Debug|Any CPU
		{09561B0F-60D3-490C-9949-B19FD16AAD9A}.Release|Any CPU.ActiveCfg = Release|Any CPU
		{09561B0F-60D3-490C-9949-B19FD16AAD9A}.Release|Any CPU.Build.0 = Release|Any CPU
	EndGlobalSection
	GlobalSection(SolutionProperties) = preSolution
		HideSolutionNode = FALSE
	EndGlobalSection
	GlobalSection(ExtensibilityGlobals) = postSolution
		SolutionGuid = {F28DCF2D-DC01-49EF-ACEC-35C0D4BC87CB}
	EndGlobalSection
EndGlobal
