
Microsoft Visual Studio Solution File, Format Version 12.00
# Visual Studio Version 17
VisualStudioVersion = 17.9.34728.123
MinimumVisualStudioVersion = 10.0.40219.1
Project("{FAE04EC0-301F-11D3-BF4B-00C04F79EFBC}") = "KeyboardHook", "KeyboardHook.csproj", "{BDFF0C6B-095F-412A-A347-27599DFC622A}"
EndProject
Global
	GlobalSection(SolutionConfigurationPlatforms) = preSolution
		Debug|Any CPU = Debug|Any CPU
		Release|Any CPU = Release|Any CPU
	EndGlobalSection
	GlobalSection(ProjectConfigurationPlatforms) = postSolution
		{BDFF0C6B-095F-412A-A347-27599DFC622A}.Debug|Any CPU.ActiveCfg = Debug|Any CPU
		{BDFF0C6B-095F-412A-A347-27599DFC622A}.Debug|Any CPU.Build.0 = Debug|Any CPU
		{BDFF0C6B-095F-412A-A347-27599DFC622A}.Release|Any CPU.ActiveCfg = Release|Any CPU
		{BDFF0C6B-095F-412A-A347-27599DFC622A}.Release|Any CPU.Build.0 = Release|Any CPU
	EndGlobalSection
	GlobalSection(SolutionProperties) = preSolution
		HideSolutionNode = FALSE
	EndGlobalSection
	GlobalSection(ExtensibilityGlobals) = postSolution
		SolutionGuid = {38B08183-DC8D-4CF1-91A2-A2266F7AE0AE}
	EndGlobalSection
EndGlobal
