
Microsoft Visual Studio Solution File, Format Version 12.00
# Visual Studio Version 17
VisualStudioVersion = 17.9.34728.123
MinimumVisualStudioVersion = 10.0.40219.1
Project("{FAE04EC0-301F-11D3-BF4B-00C04F79EFBC}") = "FolderSelector", "FolderSelector.csproj", "{F35C2AB4-144F-464F-BACB-E77E160DF49C}"
EndProject
Global
	GlobalSection(SolutionConfigurationPlatforms) = preSolution
		Debug|Any CPU = Debug|Any CPU
		Release|Any CPU = Release|Any CPU
	EndGlobalSection
	GlobalSection(ProjectConfigurationPlatforms) = postSolution
		{F35C2AB4-144F-464F-BACB-E77E160DF49C}.Debug|Any CPU.ActiveCfg = Debug|Any CPU
		{F35C2AB4-144F-464F-BACB-E77E160DF49C}.Debug|Any CPU.Build.0 = Debug|Any CPU
		{F35C2AB4-144F-464F-BACB-E77E160DF49C}.Release|Any CPU.ActiveCfg = Release|Any CPU
		{F35C2AB4-144F-464F-BACB-E77E160DF49C}.Release|Any CPU.Build.0 = Release|Any CPU
	EndGlobalSection
	GlobalSection(SolutionProperties) = preSolution
		HideSolutionNode = FALSE
	EndGlobalSection
	GlobalSection(ExtensibilityGlobals) = postSolution
		SolutionGuid = {8FB3D8BA-AF62-4B4C-B403-4B1583513797}
	EndGlobalSection
EndGlobal
