
Microsoft Visual Studio Solution File, Format Version 12.00
# Visual Studio Version 17
VisualStudioVersion = 17.9.34728.123
MinimumVisualStudioVersion = 10.0.40219.1
Project("{FAE04EC0-301F-11D3-BF4B-00C04F79EFBC}") = "ColorPaletteGenerator", "ColorPaletteGenerator.csproj", "{94DF0E91-8FED-434B-964F-C7CE1B90C9F3}"
EndProject
Global
	GlobalSection(SolutionConfigurationPlatforms) = preSolution
		Debug|Any CPU = Debug|Any CPU
		Release|Any CPU = Release|Any CPU
	EndGlobalSection
	GlobalSection(ProjectConfigurationPlatforms) = postSolution
		{94DF0E91-8FED-434B-964F-C7CE1B90C9F3}.Debug|Any CPU.ActiveCfg = Debug|Any CPU
		{94DF0E91-8FED-434B-964F-C7CE1B90C9F3}.Debug|Any CPU.Build.0 = Debug|Any CPU
		{94DF0E91-8FED-434B-964F-C7CE1B90C9F3}.Release|Any CPU.ActiveCfg = Release|Any CPU
		{94DF0E91-8FED-434B-964F-C7CE1B90C9F3}.Release|Any CPU.Build.0 = Release|Any CPU
	EndGlobalSection
	GlobalSection(SolutionProperties) = preSolution
		HideSolutionNode = FALSE
	EndGlobalSection
	GlobalSection(ExtensibilityGlobals) = postSolution
		SolutionGuid = {3B9A483B-AA5B-441A-965A-3D954BB55DA9}
	EndGlobalSection
EndGlobal
